
Microsoft Visual Studio Solution File, Format Version 12.00
# Visual Studio Version 16
VisualStudioVersion = 16.0.29411.108
MinimumVisualStudioVersion = 10.0.40219.1
Project("{9A19103F-16F7-4668-BE54-9A1E7A4F7556}") = "AdipemCommerce", "AdipemCommerce.csproj", "{775EF646-0844-476D-857C-EA487BADF2E2}"
EndProject
Global
	GlobalSection(SolutionConfigurationPlatforms) = preSolution
		Debug|Any CPU = Debug|Any CPU
		Release|Any CPU = Release|Any CPU
	EndGlobalSection
	GlobalSection(ProjectConfigurationPlatforms) = postSolution
		{775EF646-0844-476D-857C-EA487BADF2E2}.Debug|Any CPU.ActiveCfg = Debug|Any CPU
		{775EF646-0844-476D-857C-EA487BADF2E2}.Debug|Any CPU.Build.0 = Debug|Any CPU
		{775EF646-0844-476D-857C-EA487BADF2E2}.Release|Any CPU.ActiveCfg = Release|Any CPU
		{775EF646-0844-476D-857C-EA487BADF2E2}.Release|Any CPU.Build.0 = Release|Any CPU
	EndGlobalSection
	GlobalSection(SolutionProperties) = preSolution
		HideSolutionNode = FALSE
	EndGlobalSection
	GlobalSection(ExtensibilityGlobals) = postSolution
		SolutionGuid = {0EC16A97-958B-49BC-A373-D6DBE1123AD7}
	EndGlobalSection
EndGlobal
